
Microsoft Visual Studio Solution File, Format Version 12.00
# Visual Studio Version 17
VisualStudioVersion = 17.7.34018.315
MinimumVisualStudioVersion = 10.0.40219.1
Project("{FAE04EC0-301F-11D3-BF4B-00C04F79EFBC}") = "Number_sort v2", "Number_sort v2.csproj", "{BA407F25-D1CB-4C99-AF42-D77AAEF56150}"
EndProject
Global
	GlobalSection(SolutionConfigurationPlatforms) = preSolution
		Debug|Any CPU = Debug|Any CPU
		Release|Any CPU = Release|Any CPU
	EndGlobalSection
	GlobalSection(ProjectConfigurationPlatforms) = postSolution
		{BA407F25-D1CB-4C99-AF42-D77AAEF56150}.Debug|Any CPU.ActiveCfg = Debug|Any CPU
		{BA407F25-D1CB-4C99-AF42-D77AAEF56150}.Debug|Any CPU.Build.0 = Debug|Any CPU
		{BA407F25-D1CB-4C99-AF42-D77AAEF56150}.Release|Any CPU.ActiveCfg = Release|Any CPU
		{BA407F25-D1CB-4C99-AF42-D77AAEF56150}.Release|Any CPU.Build.0 = Release|Any CPU
	EndGlobalSection
	GlobalSection(SolutionProperties) = preSolution
		HideSolutionNode = FALSE
	EndGlobalSection
	GlobalSection(ExtensibilityGlobals) = postSolution
		SolutionGuid = {5AD8F53C-AAEF-4C8C-8E96-6A3C8189D77E}
	EndGlobalSection
EndGlobal
