
Microsoft Visual Studio Solution File, Format Version 12.00
# Visual Studio Version 17
VisualStudioVersion = 17.7.34018.315
MinimumVisualStudioVersion = 10.0.40219.1
Project("{FAE04EC0-301F-11D3-BF4B-00C04F79EFBC}") = "More_Variables", "More_Variables.csproj", "{5A20A458-13E7-43B5-9E30-5DD87F7FF39E}"
EndProject
Global
	GlobalSection(SolutionConfigurationPlatforms) = preSolution
		Debug|Any CPU = Debug|Any CPU
		Release|Any CPU = Release|Any CPU
	EndGlobalSection
	GlobalSection(ProjectConfigurationPlatforms) = postSolution
		{5A20A458-13E7-43B5-9E30-5DD87F7FF39E}.Debug|Any CPU.ActiveCfg = Debug|Any CPU
		{5A20A458-13E7-43B5-9E30-5DD87F7FF39E}.Debug|Any CPU.Build.0 = Debug|Any CPU
		{5A20A458-13E7-43B5-9E30-5DD87F7FF39E}.Release|Any CPU.ActiveCfg = Release|Any CPU
		{5A20A458-13E7-43B5-9E30-5DD87F7FF39E}.Release|Any CPU.Build.0 = Release|Any CPU
	EndGlobalSection
	GlobalSection(SolutionProperties) = preSolution
		HideSolutionNode = FALSE
	EndGlobalSection
	GlobalSection(ExtensibilityGlobals) = postSolution
		SolutionGuid = {D60267E9-6D39-4475-A1DF-FF06BF1018EF}
	EndGlobalSection
EndGlobal
