
Microsoft Visual Studio Solution File, Format Version 12.00
# Visual Studio Version 17
VisualStudioVersion = 17.7.34018.315
MinimumVisualStudioVersion = 10.0.40219.1
Project("{FAE04EC0-301F-11D3-BF4B-00C04F79EFBC}") = "Parsing_and_Formatting", "Parsing_and_Formatting.csproj", "{3AE39FDC-170D-49A6-B508-D98C2B8A69B4}"
EndProject
Global
	GlobalSection(SolutionConfigurationPlatforms) = preSolution
		Debug|Any CPU = Debug|Any CPU
		Release|Any CPU = Release|Any CPU
	EndGlobalSection
	GlobalSection(ProjectConfigurationPlatforms) = postSolution
		{3AE39FDC-170D-49A6-B508-D98C2B8A69B4}.Debug|Any CPU.ActiveCfg = Debug|Any CPU
		{3AE39FDC-170D-49A6-B508-D98C2B8A69B4}.Debug|Any CPU.Build.0 = Debug|Any CPU
		{3AE39FDC-170D-49A6-B508-D98C2B8A69B4}.Release|Any CPU.ActiveCfg = Release|Any CPU
		{3AE39FDC-170D-49A6-B508-D98C2B8A69B4}.Release|Any CPU.Build.0 = Release|Any CPU
	EndGlobalSection
	GlobalSection(SolutionProperties) = preSolution
		HideSolutionNode = FALSE
	EndGlobalSection
	GlobalSection(ExtensibilityGlobals) = postSolution
		SolutionGuid = {6C7947E4-59DE-45EA-A38D-904A946F4515}
	EndGlobalSection
EndGlobal
