
Microsoft Visual Studio Solution File, Format Version 12.00
# Visual Studio Version 17
VisualStudioVersion = 17.7.34018.315
MinimumVisualStudioVersion = 10.0.40219.1
Project("{FAE04EC0-301F-11D3-BF4B-00C04F79EFBC}") = "20Questions", "20Questions.csproj", "{8F883C67-C1BC-429A-88A2-2BDDB66AD74A}"
EndProject
Global
	GlobalSection(SolutionConfigurationPlatforms) = preSolution
		Debug|Any CPU = Debug|Any CPU
		Release|Any CPU = Release|Any CPU
	EndGlobalSection
	GlobalSection(ProjectConfigurationPlatforms) = postSolution
		{8F883C67-C1BC-429A-88A2-2BDDB66AD74A}.Debug|Any CPU.ActiveCfg = Debug|Any CPU
		{8F883C67-C1BC-429A-88A2-2BDDB66AD74A}.Debug|Any CPU.Build.0 = Debug|Any CPU
		{8F883C67-C1BC-429A-88A2-2BDDB66AD74A}.Release|Any CPU.ActiveCfg = Release|Any CPU
		{8F883C67-C1BC-429A-88A2-2BDDB66AD74A}.Release|Any CPU.Build.0 = Release|Any CPU
	EndGlobalSection
	GlobalSection(SolutionProperties) = preSolution
		HideSolutionNode = FALSE
	EndGlobalSection
	GlobalSection(ExtensibilityGlobals) = postSolution
		SolutionGuid = {3DADD3D5-6690-4C65-85F4-7F03A4EDD86B}
	EndGlobalSection
EndGlobal
