
Microsoft Visual Studio Solution File, Format Version 12.00
# Visual Studio Version 17
VisualStudioVersion = 17.7.34018.315
MinimumVisualStudioVersion = 10.0.40219.1
Project("{FAE04EC0-301F-11D3-BF4B-00C04F79EFBC}") = "test", "test.csproj", "{E89E91DB-525D-4DDD-AF17-BA58E5B444E2}"
EndProject
Global
	GlobalSection(SolutionConfigurationPlatforms) = preSolution
		Debug|Any CPU = Debug|Any CPU
		Release|Any CPU = Release|Any CPU
	EndGlobalSection
	GlobalSection(ProjectConfigurationPlatforms) = postSolution
		{E89E91DB-525D-4DDD-AF17-BA58E5B444E2}.Debug|Any CPU.ActiveCfg = Debug|Any CPU
		{E89E91DB-525D-4DDD-AF17-BA58E5B444E2}.Debug|Any CPU.Build.0 = Debug|Any CPU
		{E89E91DB-525D-4DDD-AF17-BA58E5B444E2}.Release|Any CPU.ActiveCfg = Release|Any CPU
		{E89E91DB-525D-4DDD-AF17-BA58E5B444E2}.Release|Any CPU.Build.0 = Release|Any CPU
	EndGlobalSection
	GlobalSection(SolutionProperties) = preSolution
		HideSolutionNode = FALSE
	EndGlobalSection
	GlobalSection(ExtensibilityGlobals) = postSolution
		SolutionGuid = {C5C6F545-2590-461F-B461-3B6524AB6909}
	EndGlobalSection
EndGlobal
