
Microsoft Visual Studio Solution File, Format Version 12.00
# Visual Studio Version 17
VisualStudioVersion = 17.7.34018.315
MinimumVisualStudioVersion = 10.0.40219.1
Project("{FAE04EC0-301F-11D3-BF4B-00C04F79EFBC}") = "PeopleApp", "PeopleApp.csproj", "{916473B9-0E0F-4083-B258-93558962AEB3}"
	ProjectSection(ProjectDependencies) = postProject
		{C73347EB-4B37-4046-AC7A-0B9A7C46657C} = {C73347EB-4B37-4046-AC7A-0B9A7C46657C}
		{EFA12E2C-52FC-4649-82A9-45E0690822B7} = {EFA12E2C-52FC-4649-82A9-45E0690822B7}
	EndProjectSection
EndProject
Project("{FAE04EC0-301F-11D3-BF4B-00C04F79EFBC}") = "PeopleLib", "..\PeopleLib\PeopleLib.csproj", "{C73347EB-4B37-4046-AC7A-0B9A7C46657C}"
EndProject
Project("{FAE04EC0-301F-11D3-BF4B-00C04F79EFBC}") = "CourseLib", "..\CourseLib\CourseLib.csproj", "{EFA12E2C-52FC-4649-82A9-45E0690822B7}"
EndProject
Global
	GlobalSection(SolutionConfigurationPlatforms) = preSolution
		Debug|Any CPU = Debug|Any CPU
		Release|Any CPU = Release|Any CPU
	EndGlobalSection
	GlobalSection(ProjectConfigurationPlatforms) = postSolution
		{916473B9-0E0F-4083-B258-93558962AEB3}.Debug|Any CPU.ActiveCfg = Debug|Any CPU
		{916473B9-0E0F-4083-B258-93558962AEB3}.Debug|Any CPU.Build.0 = Debug|Any CPU
		{916473B9-0E0F-4083-B258-93558962AEB3}.Release|Any CPU.ActiveCfg = Release|Any CPU
		{916473B9-0E0F-4083-B258-93558962AEB3}.Release|Any CPU.Build.0 = Release|Any CPU
		{C73347EB-4B37-4046-AC7A-0B9A7C46657C}.Debug|Any CPU.ActiveCfg = Debug|Any CPU
		{C73347EB-4B37-4046-AC7A-0B9A7C46657C}.Debug|Any CPU.Build.0 = Debug|Any CPU
		{C73347EB-4B37-4046-AC7A-0B9A7C46657C}.Release|Any CPU.ActiveCfg = Release|Any CPU
		{C73347EB-4B37-4046-AC7A-0B9A7C46657C}.Release|Any CPU.Build.0 = Release|Any CPU
		{EFA12E2C-52FC-4649-82A9-45E0690822B7}.Debug|Any CPU.ActiveCfg = Debug|Any CPU
		{EFA12E2C-52FC-4649-82A9-45E0690822B7}.Debug|Any CPU.Build.0 = Debug|Any CPU
		{EFA12E2C-52FC-4649-82A9-45E0690822B7}.Release|Any CPU.ActiveCfg = Release|Any CPU
		{EFA12E2C-52FC-4649-82A9-45E0690822B7}.Release|Any CPU.Build.0 = Release|Any CPU
	EndGlobalSection
	GlobalSection(SolutionProperties) = preSolution
		HideSolutionNode = FALSE
	EndGlobalSection
	GlobalSection(ExtensibilityGlobals) = postSolution
		SolutionGuid = {E58C2A0B-1CAE-4402-8B8A-B39D5EA662B3}
	EndGlobalSection
EndGlobal
