
Microsoft Visual Studio Solution File, Format Version 12.00
# Visual Studio Version 17
VisualStudioVersion = 17.7.34018.315
MinimumVisualStudioVersion = 10.0.40219.1
Project("{FAE04EC0-301F-11D3-BF4B-00C04F79EFBC}") = "Question 2- Bad Interface", "Question 2- Bad Interface.csproj", "{16CE1032-E9DA-4D0D-80C4-5F76C12FB696}"
EndProject
Global
	GlobalSection(SolutionConfigurationPlatforms) = preSolution
		Debug|Any CPU = Debug|Any CPU
		Release|Any CPU = Release|Any CPU
	EndGlobalSection
	GlobalSection(ProjectConfigurationPlatforms) = postSolution
		{16CE1032-E9DA-4D0D-80C4-5F76C12FB696}.Debug|Any CPU.ActiveCfg = Debug|Any CPU
		{16CE1032-E9DA-4D0D-80C4-5F76C12FB696}.Debug|Any CPU.Build.0 = Debug|Any CPU
		{16CE1032-E9DA-4D0D-80C4-5F76C12FB696}.Release|Any CPU.ActiveCfg = Release|Any CPU
		{16CE1032-E9DA-4D0D-80C4-5F76C12FB696}.Release|Any CPU.Build.0 = Release|Any CPU
	EndGlobalSection
	GlobalSection(SolutionProperties) = preSolution
		HideSolutionNode = FALSE
	EndGlobalSection
	GlobalSection(ExtensibilityGlobals) = postSolution
		SolutionGuid = {982DC09B-78E3-4F1E-BDC5-8866E113CDEA}
	EndGlobalSection
EndGlobal
