
Microsoft Visual Studio Solution File, Format Version 12.00
# Visual Studio Version 17
VisualStudioVersion = 17.7.34018.315
MinimumVisualStudioVersion = 10.0.40219.1
Project("{FAE04EC0-301F-11D3-BF4B-00C04F79EFBC}") = "Vehicles", "Vehicles.csproj", "{641B097A-CA6B-4C51-AEBC-18B18CBE1EB1}"
EndProject
Global
	GlobalSection(SolutionConfigurationPlatforms) = preSolution
		Debug|Any CPU = Debug|Any CPU
		Release|Any CPU = Release|Any CPU
	EndGlobalSection
	GlobalSection(ProjectConfigurationPlatforms) = postSolution
		{641B097A-CA6B-4C51-AEBC-18B18CBE1EB1}.Debug|Any CPU.ActiveCfg = Debug|Any CPU
		{641B097A-CA6B-4C51-AEBC-18B18CBE1EB1}.Debug|Any CPU.Build.0 = Debug|Any CPU
		{641B097A-CA6B-4C51-AEBC-18B18CBE1EB1}.Release|Any CPU.ActiveCfg = Release|Any CPU
		{641B097A-CA6B-4C51-AEBC-18B18CBE1EB1}.Release|Any CPU.Build.0 = Release|Any CPU
	EndGlobalSection
	GlobalSection(SolutionProperties) = preSolution
		HideSolutionNode = FALSE
	EndGlobalSection
	GlobalSection(ExtensibilityGlobals) = postSolution
		SolutionGuid = {E8CB3A2E-0E0B-413B-A322-7F9A190FDF1F}
	EndGlobalSection
EndGlobal
