
Microsoft Visual Studio Solution File, Format Version 12.00
# Visual Studio Version 17
VisualStudioVersion = 17.7.34018.315
MinimumVisualStudioVersion = 10.0.40219.1
Project("{FAE04EC0-301F-11D3-BF4B-00C04F79EFBC}") = "Stacks", "Stacks.csproj", "{754B0568-804C-41A0-89EC-E17FACB606DE}"
EndProject
Global
	GlobalSection(SolutionConfigurationPlatforms) = preSolution
		Debug|Any CPU = Debug|Any CPU
		Release|Any CPU = Release|Any CPU
	EndGlobalSection
	GlobalSection(ProjectConfigurationPlatforms) = postSolution
		{754B0568-804C-41A0-89EC-E17FACB606DE}.Debug|Any CPU.ActiveCfg = Debug|Any CPU
		{754B0568-804C-41A0-89EC-E17FACB606DE}.Debug|Any CPU.Build.0 = Debug|Any CPU
		{754B0568-804C-41A0-89EC-E17FACB606DE}.Release|Any CPU.ActiveCfg = Release|Any CPU
		{754B0568-804C-41A0-89EC-E17FACB606DE}.Release|Any CPU.Build.0 = Release|Any CPU
	EndGlobalSection
	GlobalSection(SolutionProperties) = preSolution
		HideSolutionNode = FALSE
	EndGlobalSection
	GlobalSection(ExtensibilityGlobals) = postSolution
		SolutionGuid = {6B6E0F6D-200E-48E1-9EE3-E5BE0F73C943}
	EndGlobalSection
EndGlobal
